<?xml version="1.0" encoding="UTF-8"?>
<Scheme
   LastUpgradeVersion = "2600"
   version = "1.7">
   <BuildAction
      parallelizeBuildables = "YES"
      buildImplicitDependencies = "YES"
      buildArchitectures = "Automatic">
      <BuildActionEntries>
         <BuildActionEntry
            buildForTesting = "YES"
            buildForRunning = "YES"
            buildForProfiling = "YES"
            buildForArchiving = "YES"
            buildForAnalyzing = "YES">
            <BuildableReference
               BuildableIdentifier = "primary"
               BlueprintIdentifier = "A4D604682E0B0C7D00D5B6F2"
               BuildableName = "Cratox Ai.app"
               BlueprintName = "Cratox Ai"
               ReferencedContainer = "container:Cratox Ai.xcodeproj">
            </BuildableReference>
         </BuildActionEntry>
      </BuildActionEntries>
   </BuildAction>
   <TestAction
      buildConfiguration = "Debug"
      selectedDebuggerIdentifier = "Xcode.DebuggerFoundation.Debugger.LLDB"
      selectedLauncherIdentifier = "Xcode.DebuggerFoundation.Launcher.LLDB"
      shouldUseLaunchSchemeArgsEnv = "YES"
      shouldAutocreateTestPlan = "YES">
      <Testables>
         <TestableReference
            skipped = "NO"
            parallelizable = "YES">
            <BuildableReference
               BuildableIdentifier = "primary"
               BlueprintIdentifier = "A4D604772E0B0C7F00D5B6F2"
               BuildableName = "Cratox AiTests.xctest"
               BlueprintName = "Cratox AiTests"
               ReferencedContainer = "container:Cratox Ai.xcodeproj">
            </BuildableReference>
         </TestableReference>
         <TestableReference
            skipped = "NO"
            parallelizable = "YES">
            <BuildableReference
               BuildableIdentifier = "primary"
               BlueprintIdentifier = "A4D604812E0B0C7F00D5B6F2"
               BuildableName = "Cratox AiUITests.xctest"
               BlueprintName = "Cratox AiUITests"
               ReferencedContainer = "container:Cratox Ai.xcodeproj">
            </BuildableReference>
         </TestableReference>
      </Testables>
   </TestAction>
   <LaunchAction
      buildConfiguration = "Debug"
      selectedDebuggerIdentifier = "Xcode.DebuggerFoundation.Debugger.LLDB"
      selectedLauncherIdentifier = "Xcode.DebuggerFoundation.Launcher.LLDB"
      launchStyle = "0"
      useCustomWorkingDirectory = "NO"
      ignoresPersistentStateOnLaunch = "NO"
      debugDocumentVersioning = "YES"
      debugServiceExtension = "internal"
      allowLocationSimulation = "YES">
      <BuildableProductRunnable
         runnableDebuggingMode = "0">
         <BuildableReference
            BuildableIdentifier = "primary"
            BlueprintIdentifier = "A4D604682E0B0C7D00D5B6F2"
            BuildableName = "Cratox Ai.app"
            BlueprintName = "Cratox Ai"
            ReferencedContainer = "container:Cratox Ai.xcodeproj">
         </BuildableReference>
      </BuildableProductRunnable>
      <EnvironmentVariables>
         <EnvironmentVariable
            key = "FOOD_API_URL_SIMULATOR"
            value = "http://localhost:5052"
            isEnabled = "YES">
         </EnvironmentVariable>
         <EnvironmentVariable
            key = "FOOD_API_URL_DEVICE"
            value = "http://192.168.1.164:5052"
            isEnabled = "YES">
         </EnvironmentVariable>
         <EnvironmentVariable
            key = "AUTH_API_URL_SIMULATOR"
            value = "http://localhost:5051"
            isEnabled = "YES">
         </EnvironmentVariable>
         <EnvironmentVariable
            key = "AUTH_API_URL_DEVICE"
            value = "http://192.168.1.164:5051"
            isEnabled = "YES">
         </EnvironmentVariable>
      </EnvironmentVariables>
   </LaunchAction>
   <ProfileAction
      buildConfiguration = "Release"
      shouldUseLaunchSchemeArgsEnv = "YES"
      savedToolIdentifier = ""
      useCustomWorkingDirectory = "NO"
      debugDocumentVersioning = "YES">
      <BuildableProductRunnable
         runnableDebuggingMode = "0">
         <BuildableReference
            BuildableIdentifier = "primary"
            BlueprintIdentifier = "A4D604682E0B0C7D00D5B6F2"
            BuildableName = "Cratox Ai.app"
            BlueprintName = "Cratox Ai"
            ReferencedContainer = "container:Cratox Ai.xcodeproj">
         </BuildableReference>
      </BuildableProductRunnable>
   </ProfileAction>
   <AnalyzeAction
      buildConfiguration = "Debug">
   </AnalyzeAction>
   <ArchiveAction
      buildConfiguration = "Release"
      revealArchiveInOrganizer = "YES">
   </ArchiveAction>
</Scheme>
